
Microsoft Visual Studio Solution File, Format Version 12.00
# Visual Studio Version 17
VisualStudioVersion = 17.0.31903.59
MinimumVisualStudioVersion = 10.0.40219.1
Project("{2150E333-8FDC-42A3-9474-1A3956D46DE8}") = "src", "src", "{3FFBDC88-FF32-4574-AFB4-10E678DB0096}"
EndProject
Project("{FAE04EC0-301F-11D3-BF4B-00C04F79EFBC}") = "Sasd.Crawler.Spike.A1.Core", "src\Sasd.Crawler.Spike.A1.Core\Sasd.Crawler.Spike.A1.Core.csproj", "{80364448-B9B6-4A57-B586-A485EF65AC9B}"
EndProject
Project("{FAE04EC0-301F-11D3-BF4B-00C04F79EFBC}") = "Sasd.Crawler.Spike.A1.Infrastructure", "src\Sasd.Crawler.Spike.A1.Infrastructure\Sasd.Crawler.Spike.A1.Infrastructure.csproj", "{ADDF430E-5E39-4AE1-A043-14E65B07E822}"
EndProject
Project("{FAE04EC0-301F-11D3-BF4B-00C04F79EFBC}") = "Sasd.Crawler.Spike.A1.WinForms", "src\Sasd.Crawler.Spike.A1.WinForms\Sasd.Crawler.Spike.A1.WinForms.csproj", "{57FAC19A-93C5-4004-8670-A7276FF609B1}"
EndProject
Project("{2150E333-8FDC-42A3-9474-1A3956D46DE8}") = "tests", "tests", "{5F4535E0-8665-45DC-BB73-FE866260C8DA}"
EndProject
Project("{FAE04EC0-301F-11D3-BF4B-00C04F79EFBC}") = "Sasd.Crawler.Spike.A1.Tests", "tests\Sasd.Crawler.Spike.A1.Tests\Sasd.Crawler.Spike.A1.Tests.csproj", "{9CB03F02-B33C-45E8-9287-0459D076C020}"
EndProject
Project("{FAE04EC0-301F-11D3-BF4B-00C04F79EFBC}") = "Sasd.Crawler.Spike.A2.Search", "src\Sasd.Crawler.Spike.A2.Search\Sasd.Crawler.Spike.A2.Search.csproj", "{C4DDA86C-A709-42A6-A5C4-F99BC27346CA}"
EndProject
Project("{FAE04EC0-301F-11D3-BF4B-00C04F79EFBC}") = "Sasd.Crawler.Spike.A2.Tests", "tests\Sasd.Crawler.Spike.A2.Tests\Sasd.Crawler.Spike.A2.Tests.csproj", "{6E8A3308-26F2-46F2-86F1-7A32F8D55257}"
EndProject
Project("{FAE04EC0-301F-11D3-BF4B-00C04F79EFBC}") = "Sasd.Crawler.Spike.A2.Benchmark", "tools\Sasd.Crawler.Spike.A2.Benchmark\Sasd.Crawler.Spike.A2.Benchmark.csproj", "{93FF20C2-3BF0-4302-96AE-069B4CD3C2A1}"
EndProject
Project("{FAE04EC0-301F-11D3-BF4B-00C04F79EFBC}") = "Sasd.Crawler.Spike.A3.Tika", "src\Sasd.Crawler.Spike.A3.Tika\Sasd.Crawler.Spike.A3.Tika.csproj", "{2CF3679A-80BF-4CF9-B6DA-CFA0538E15D7}"
EndProject
Project("{FAE04EC0-301F-11D3-BF4B-00C04F79EFBC}") = "Sasd.Crawler.Spike.A3.Tests", "tests\Sasd.Crawler.Spike.A3.Tests\Sasd.Crawler.Spike.A3.Tests.csproj", "{BFA33D81-9D25-45DA-A28D-6E49E148D8E3}"
EndProject
Project("{FAE04EC0-301F-11D3-BF4B-00C04F79EFBC}") = "Sasd.Crawler.Spike.A3.Probe", "tools\Sasd.Crawler.Spike.A3.Probe\Sasd.Crawler.Spike.A3.Probe.csproj", "{7D7C5965-5A58-48EB-BBDC-4C68A32D3308}"
EndProject
Project("{FAE04EC0-301F-11D3-BF4B-00C04F79EFBC}") = "Sasd.Crawler.Spike.A4.Media", "src\Sasd.Crawler.Spike.A4.Media\Sasd.Crawler.Spike.A4.Media.csproj", "{D81D860B-155E-4C18-B0BE-E17D474FF563}"
EndProject
Project("{FAE04EC0-301F-11D3-BF4B-00C04F79EFBC}") = "Sasd.Crawler.Spike.A4.Tests", "tests\Sasd.Crawler.Spike.A4.Tests\Sasd.Crawler.Spike.A4.Tests.csproj", "{2599079C-D23A-4E22-8E9D-E496994DBCA7}"
EndProject
Project("{FAE04EC0-301F-11D3-BF4B-00C04F79EFBC}") = "Sasd.Crawler.Spike.A4.Probe", "tools\Sasd.Crawler.Spike.A4.Probe\Sasd.Crawler.Spike.A4.Probe.csproj", "{B2F78457-C660-48EE-85D9-2B130143D254}"
EndProject
Project("{FAE04EC0-301F-11D3-BF4B-00C04F79EFBC}") = "Sasd.Crawler.Spike.A5.Benchmark", "tools\Sasd.Crawler.Spike.A5.Benchmark\Sasd.Crawler.Spike.A5.Benchmark.csproj", "{05750556-FF3D-4BBD-8B5B-2C1CC45B7839}"
EndProject
Global
	GlobalSection(SolutionConfigurationPlatforms) = preSolution
		Debug|Any CPU = Debug|Any CPU
		Release|Any CPU = Release|Any CPU
	EndGlobalSection
	GlobalSection(SolutionProperties) = preSolution
		HideSolutionNode = FALSE
	EndGlobalSection
	GlobalSection(ProjectConfigurationPlatforms) = postSolution
		{80364448-B9B6-4A57-B586-A485EF65AC9B}.Debug|Any CPU.ActiveCfg = Debug|Any CPU
		{80364448-B9B6-4A57-B586-A485EF65AC9B}.Debug|Any CPU.Build.0 = Debug|Any CPU
		{80364448-B9B6-4A57-B586-A485EF65AC9B}.Release|Any CPU.ActiveCfg = Release|Any CPU
		{80364448-B9B6-4A57-B586-A485EF65AC9B}.Release|Any CPU.Build.0 = Release|Any CPU
		{ADDF430E-5E39-4AE1-A043-14E65B07E822}.Debug|Any CPU.ActiveCfg = Debug|Any CPU
		{ADDF430E-5E39-4AE1-A043-14E65B07E822}.Debug|Any CPU.Build.0 = Debug|Any CPU
		{ADDF430E-5E39-4AE1-A043-14E65B07E822}.Release|Any CPU.ActiveCfg = Release|Any CPU
		{ADDF430E-5E39-4AE1-A043-14E65B07E822}.Release|Any CPU.Build.0 = Release|Any CPU
		{57FAC19A-93C5-4004-8670-A7276FF609B1}.Debug|Any CPU.ActiveCfg = Debug|Any CPU
		{57FAC19A-93C5-4004-8670-A7276FF609B1}.Debug|Any CPU.Build.0 = Debug|Any CPU
		{57FAC19A-93C5-4004-8670-A7276FF609B1}.Release|Any CPU.ActiveCfg = Release|Any CPU
		{57FAC19A-93C5-4004-8670-A7276FF609B1}.Release|Any CPU.Build.0 = Release|Any CPU
		{9CB03F02-B33C-45E8-9287-0459D076C020}.Debug|Any CPU.ActiveCfg = Debug|Any CPU
		{9CB03F02-B33C-45E8-9287-0459D076C020}.Debug|Any CPU.Build.0 = Debug|Any CPU
		{9CB03F02-B33C-45E8-9287-0459D076C020}.Release|Any CPU.ActiveCfg = Release|Any CPU
		{9CB03F02-B33C-45E8-9287-0459D076C020}.Release|Any CPU.Build.0 = Release|Any CPU
		{C4DDA86C-A709-42A6-A5C4-F99BC27346CA}.Debug|Any CPU.ActiveCfg = Debug|Any CPU
		{C4DDA86C-A709-42A6-A5C4-F99BC27346CA}.Debug|Any CPU.Build.0 = Debug|Any CPU
		{C4DDA86C-A709-42A6-A5C4-F99BC27346CA}.Release|Any CPU.ActiveCfg = Release|Any CPU
		{C4DDA86C-A709-42A6-A5C4-F99BC27346CA}.Release|Any CPU.Build.0 = Release|Any CPU
		{6E8A3308-26F2-46F2-86F1-7A32F8D55257}.Debug|Any CPU.ActiveCfg = Debug|Any CPU
		{6E8A3308-26F2-46F2-86F1-7A32F8D55257}.Debug|Any CPU.Build.0 = Debug|Any CPU
		{6E8A3308-26F2-46F2-86F1-7A32F8D55257}.Release|Any CPU.ActiveCfg = Release|Any CPU
		{6E8A3308-26F2-46F2-86F1-7A32F8D55257}.Release|Any CPU.Build.0 = Release|Any CPU
		{93FF20C2-3BF0-4302-96AE-069B4CD3C2A1}.Debug|Any CPU.ActiveCfg = Debug|Any CPU
		{93FF20C2-3BF0-4302-96AE-069B4CD3C2A1}.Debug|Any CPU.Build.0 = Debug|Any CPU
		{93FF20C2-3BF0-4302-96AE-069B4CD3C2A1}.Release|Any CPU.ActiveCfg = Release|Any CPU
		{93FF20C2-3BF0-4302-96AE-069B4CD3C2A1}.Release|Any CPU.Build.0 = Release|Any CPU
		{2CF3679A-80BF-4CF9-B6DA-CFA0538E15D7}.Debug|Any CPU.ActiveCfg = Debug|Any CPU
		{2CF3679A-80BF-4CF9-B6DA-CFA0538E15D7}.Debug|Any CPU.Build.0 = Debug|Any CPU
		{2CF3679A-80BF-4CF9-B6DA-CFA0538E15D7}.Release|Any CPU.ActiveCfg = Release|Any CPU
		{2CF3679A-80BF-4CF9-B6DA-CFA0538E15D7}.Release|Any CPU.Build.0 = Release|Any CPU
		{BFA33D81-9D25-45DA-A28D-6E49E148D8E3}.Debug|Any CPU.ActiveCfg = Debug|Any CPU
		{BFA33D81-9D25-45DA-A28D-6E49E148D8E3}.Debug|Any CPU.Build.0 = Debug|Any CPU
		{BFA33D81-9D25-45DA-A28D-6E49E148D8E3}.Release|Any CPU.ActiveCfg = Release|Any CPU
		{BFA33D81-9D25-45DA-A28D-6E49E148D8E3}.Release|Any CPU.Build.0 = Release|Any CPU
		{7D7C5965-5A58-48EB-BBDC-4C68A32D3308}.Debug|Any CPU.ActiveCfg = Debug|Any CPU
		{7D7C5965-5A58-48EB-BBDC-4C68A32D3308}.Debug|Any CPU.Build.0 = Debug|Any CPU
		{7D7C5965-5A58-48EB-BBDC-4C68A32D3308}.Release|Any CPU.ActiveCfg = Release|Any CPU
		{7D7C5965-5A58-48EB-BBDC-4C68A32D3308}.Release|Any CPU.Build.0 = Release|Any CPU
		{D81D860B-155E-4C18-B0BE-E17D474FF563}.Debug|Any CPU.ActiveCfg = Debug|Any CPU
		{D81D860B-155E-4C18-B0BE-E17D474FF563}.Debug|Any CPU.Build.0 = Debug|Any CPU
		{D81D860B-155E-4C18-B0BE-E17D474FF563}.Release|Any CPU.ActiveCfg = Release|Any CPU
		{D81D860B-155E-4C18-B0BE-E17D474FF563}.Release|Any CPU.Build.0 = Release|Any CPU
		{2599079C-D23A-4E22-8E9D-E496994DBCA7}.Debug|Any CPU.ActiveCfg = Debug|Any CPU
		{2599079C-D23A-4E22-8E9D-E496994DBCA7}.Debug|Any CPU.Build.0 = Debug|Any CPU
		{2599079C-D23A-4E22-8E9D-E496994DBCA7}.Release|Any CPU.ActiveCfg = Release|Any CPU
		{2599079C-D23A-4E22-8E9D-E496994DBCA7}.Release|Any CPU.Build.0 = Release|Any CPU
		{B2F78457-C660-48EE-85D9-2B130143D254}.Debug|Any CPU.ActiveCfg = Debug|Any CPU
		{B2F78457-C660-48EE-85D9-2B130143D254}.Debug|Any CPU.Build.0 = Debug|Any CPU
		{B2F78457-C660-48EE-85D9-2B130143D254}.Release|Any CPU.ActiveCfg = Release|Any CPU
		{B2F78457-C660-48EE-85D9-2B130143D254}.Release|Any CPU.Build.0 = Release|Any CPU
		{05750556-FF3D-4BBD-8B5B-2C1CC45B7839}.Debug|Any CPU.ActiveCfg = Debug|Any CPU
		{05750556-FF3D-4BBD-8B5B-2C1CC45B7839}.Debug|Any CPU.Build.0 = Debug|Any CPU
		{05750556-FF3D-4BBD-8B5B-2C1CC45B7839}.Release|Any CPU.ActiveCfg = Release|Any CPU
		{05750556-FF3D-4BBD-8B5B-2C1CC45B7839}.Release|Any CPU.Build.0 = Release|Any CPU
	EndGlobalSection
	GlobalSection(NestedProjects) = preSolution
		{80364448-B9B6-4A57-B586-A485EF65AC9B} = {3FFBDC88-FF32-4574-AFB4-10E678DB0096}
		{ADDF430E-5E39-4AE1-A043-14E65B07E822} = {3FFBDC88-FF32-4574-AFB4-10E678DB0096}
		{57FAC19A-93C5-4004-8670-A7276FF609B1} = {3FFBDC88-FF32-4574-AFB4-10E678DB0096}
		{9CB03F02-B33C-45E8-9287-0459D076C020} = {5F4535E0-8665-45DC-BB73-FE866260C8DA}
		{C4DDA86C-A709-42A6-A5C4-F99BC27346CA} = {3FFBDC88-FF32-4574-AFB4-10E678DB0096}
		{6E8A3308-26F2-46F2-86F1-7A32F8D55257} = {5F4535E0-8665-45DC-BB73-FE866260C8DA}
		{2CF3679A-80BF-4CF9-B6DA-CFA0538E15D7} = {3FFBDC88-FF32-4574-AFB4-10E678DB0096}
		{BFA33D81-9D25-45DA-A28D-6E49E148D8E3} = {5F4535E0-8665-45DC-BB73-FE866260C8DA}
		{D81D860B-155E-4C18-B0BE-E17D474FF563} = {3FFBDC88-FF32-4574-AFB4-10E678DB0096}
		{2599079C-D23A-4E22-8E9D-E496994DBCA7} = {5F4535E0-8665-45DC-BB73-FE866260C8DA}
	EndGlobalSection
EndGlobal
